PODS:
  - FMDB (2.7.5):
    - FMDB/standard (= 2.7.5)
  - FMDB/standard (2.7.5)
  - SMBClient (0.0.9)
  - SSZipArchive (2.2.3)
  - YYText (1.0.7)

DEPENDENCIES:
  - FMDB
  - SMBClient
  - SSZipArchive
  - YYText

SPEC REPOS:
  trunk:
    - FMDB
    - SMBClient
    - SSZipArchive
    - YYText

SPEC CHECKSUMS:
  FMDB: 2ce00b547f966261cd18927a3ddb07cb6f3db82a
  SMBClient: fd08e91788566a211ae11d57240ae0cd43375a16
  SSZipArchive: 62d4947b08730e4cda640473b0066d209ff033c9
  YYText: 5c461d709e24d55a182d1441c41dc639a18a4849

PODFILE CHECKSUM: f6b46fd502934cfd30379696bd6c1459a3cd82c1

COCOAPODS: 1.10.1
