// !$*UTF8*$!
{
	archiveVersion = 1;
	classes = {
	};
	objectVersion = 51;
	objects = {

/* Begin PBXBuildFile section */
		7BE022AC31DF9F9A14597AB4 /* Pods_PhotoLibrary.framework in Frameworks */ = {isa = PBXBuildFile; fileRef = 75EB58FACAB4B4A5F6763D0E /* Pods_PhotoLibrary.framework */; };
		AC243C9A277CA4F1006182C0 /* GYLogManager.m in Sources */ = {isa = PBXBuildFile; fileRef = AC243C71277CA4F1006182C0 /* GYLogManager.m */; };
		AC243C9B277CA4F1006182C0 /* GYLogFormatters.m in Sources */ = {isa = PBXBuildFile; fileRef = AC243C72277CA4F1006182C0 /* GYLogFormatters.m */; };
		AC243C9C277CA4F1006182C0 /* GYLog.m in Sources */ = {isa = PBXBuildFile; fileRef = AC243C73277CA4F1006182C0 /* GYLog.m */; };
		AC243C9D277CA4F1006182C0 /* GYExceptionManager.m in Sources */ = {isa = PBXBuildFile; fileRef = AC243C79277CA4F1006182C0 /* GYExceptionManager.m */; };
		AC243C9E277CA4F1006182C0 /* GYFileManager.m in Sources */ = {isa = PBXBuildFile; fileRef = AC243C7B277CA4F1006182C0 /* GYFileManager.m */; };
		AC243C9F277CA4F1006182C0 /* GYModel.m in Sources */ = {isa = PBXBuildFile; fileRef = AC243C7F277CA4F1006182C0 /* GYModel.m */; };
		AC243CA0277CA4F1006182C0 /* NSDictionary+GYCommon.m in Sources */ = {isa = PBXBuildFile; fileRef = AC243C8B277CA4F1006182C0 /* NSDictionary+GYCommon.m */; };
		AC243CA1277CA4F1006182C0 /* NSString+GYCommon.m in Sources */ = {isa = PBXBuildFile; fileRef = AC243C8F277CA4F1006182C0 /* NSString+GYCommon.m */; };
		AC243CA2277CA4F1006182C0 /* NSError+GYCommon.m in Sources */ = {isa = PBXBuildFile; fileRef = AC243C90277CA4F1006182C0 /* NSError+GYCommon.m */; };
		AC243CA3277CA4F1006182C0 /* NSArray+GYCommon.m in Sources */ = {isa = PBXBuildFile; fileRef = AC243C92277CA4F1006182C0 /* NSArray+GYCommon.m */; };
		AC243CA4277CA4F1006182C0 /* NSDate+GYCommon.m in Sources */ = {isa = PBXBuildFile; fileRef = AC243C94277CA4F1006182C0 /* NSDate+GYCommon.m */; };
		AC243CA5277CA4F1006182C0 /* GYFoundationManager.m in Sources */ = {isa = PBXBuildFile; fileRef = AC243C98277CA4F1006182C0 /* GYFoundationManager.m */; };
		AC243CA6277CA4F1006182C0 /* GYUIManager.m in Sources */ = {isa = PBXBuildFile; fileRef = AC243C99277CA4F1006182C0 /* GYUIManager.m */; };
		AC243CBD277CB069006182C0 /* UIColor+GYiOS.m in Sources */ = {isa = PBXBuildFile; fileRef = AC243CBB277CB069006182C0 /* UIColor+GYiOS.m */; };
		AC243CC3277CB192006182C0 /* UIImage+GYiOS.m in Sources */ = {isa = PBXBuildFile; fileRef = AC243CC2277CB192006182C0 /* UIImage+GYiOS.m */; };
		AC243CCF277CB267006182C0 /* PLViewController.m in Sources */ = {isa = PBXBuildFile; fileRef = AC243CC6277CB267006182C0 /* PLViewController.m */; };
		AC243CD0277CB267006182C0 /* PLViewController.xib in Resources */ = {isa = PBXBuildFile; fileRef = AC243CC7277CB267006182C0 /* PLViewController.xib */; };
		AC243CD2277CB267006182C0 /* PLAppManager.m in Sources */ = {isa = PBXBuildFile; fileRef = AC243CCE277CB267006182C0 /* PLAppManager.m */; };
		AC2624F4265812A900939375 /* AppDelegate.m in Sources */ = {isa = PBXBuildFile; fileRef = AC2624F3265812A900939375 /* AppDelegate.m */; };
		AC2624F7265812A900939375 /* SceneDelegate.m in Sources */ = {isa = PBXBuildFile; fileRef = AC2624F6265812A900939375 /* SceneDelegate.m */; };
		AC2624FA265812A900939375 /* ViewController.m in Sources */ = {isa = PBXBuildFile; fileRef = AC2624F9265812A900939375 /* ViewController.m */; };
		AC2624FD265812A900939375 /* Main.storyboard in Resources */ = {isa = PBXBuildFile; fileRef = AC2624FB265812A900939375 /* Main.storyboard */; };
		AC2624FF265812AA00939375 /* Assets.xcassets in Resources */ = {isa = PBXBuildFile; fileRef = AC2624FE265812AA00939375 /* Assets.xcassets */; };
		AC262502265812AA00939375 /* LaunchScreen.storyboard in Resources */ = {isa = PBXBuildFile; fileRef = AC262500265812AA00939375 /* LaunchScreen.storyboard */; };
		AC262505265812AA00939375 /* main.m in Sources */ = {isa = PBXBuildFile; fileRef = AC262504265812AA00939375 /* main.m */; };
		AC26250F265812AB00939375 /* PhotoLibraryTests.m in Sources */ = {isa = PBXBuildFile; fileRef = AC26250E265812AB00939375 /* PhotoLibraryTests.m */; };
		AC26251A265812AB00939375 /* PhotoLibraryUITests.m in Sources */ = {isa = PBXBuildFile; fileRef = AC262519265812AB00939375 /* PhotoLibraryUITests.m */; };
		AC2C31872785E67300527DAE /* GYTapAlertManager.m in Sources */ = {isa = PBXBuildFile; fileRef = AC2C31852785E67300527DAE /* GYTapAlertManager.m */; };
		AC2C31882785E67300527DAE /* GYTapAlertAction.m in Sources */ = {isa = PBXBuildFile; fileRef = AC2C31862785E67300527DAE /* GYTapAlertAction.m */; };
		AC3C1689269994EF004A260E /* PLContentModel.m in Sources */ = {isa = PBXBuildFile; fileRef = AC3C1688269994EF004A260E /* PLContentModel.m */; };
		AC3C16A42699A8AA004A260E /* PLNavigationItems.m in Sources */ = {isa = PBXBuildFile; fileRef = AC3C16A32699A8AA004A260E /* PLNavigationItems.m */; };
		AC3F672426903A81000BF2E7 /* PLContentViewModel.m in Sources */ = {isa = PBXBuildFile; fileRef = AC3F672326903A81000BF2E7 /* PLContentViewModel.m */; };
		AC3F672A2690541F000BF2E7 /* PLContentView.m in Sources */ = {isa = PBXBuildFile; fileRef = AC3F67292690541F000BF2E7 /* PLContentView.m */; };
		AC73E6D6268FFB8200191D66 /* PLOperationMenu.m in Sources */ = {isa = PBXBuildFile; fileRef = AC73E6D5268FFB8200191D66 /* PLOperationMenu.m */; };
		ACA33A44266B5E40002E7F67 /* PLNavigationManager.m in Sources */ = {isa = PBXBuildFile; fileRef = ACA33A43266B5E40002E7F67 /* PLNavigationManager.m */; };
		ACA6667A26623E7700338972 /* PLPhotoFileModel.m in Sources */ = {isa = PBXBuildFile; fileRef = ACA6667926623E7700338972 /* PLPhotoFileModel.m */; };
		ACA666802662594400338972 /* PLPhotoBottomCellView.m in Sources */ = {isa = PBXBuildFile; fileRef = ACA6667F2662594400338972 /* PLPhotoBottomCellView.m */; };
		ACC29E7926612D96001E7B78 /* PLPhotoMainCellView.m in Sources */ = {isa = PBXBuildFile; fileRef = ACC29E7826612D96001E7B78 /* PLPhotoMainCellView.m */; };
		ACDF2273265FE00000608CD0 /* PLPhotoViewController.m in Sources */ = {isa = PBXBuildFile; fileRef = ACDF2271265FE00000608CD0 /* PLPhotoViewController.m */; };
		ACDF2274265FE00000608CD0 /* PLPhotoViewController.xib in Resources */ = {isa = PBXBuildFile; fileRef = ACDF2272265FE00000608CD0 /* PLPhotoViewController.xib */; };
		ACE03AC2265A95C900BDC5AA /* PLContentCollectionViewCell.m in Sources */ = {isa = PBXBuildFile; fileRef = ACE03AC0265A95C900BDC5AA /* PLContentCollectionViewCell.m */; };
		ACE03AC3265A95C900BDC5AA /* PLContentCollectionViewCell.xib in Resources */ = {isa = PBXBuildFile; fileRef = ACE03AC1265A95C900BDC5AA /* PLContentCollectionViewCell.xib */; };
		ACE03ACA265A9CCC00BDC5AA /* PLContentCollectionHeaderReusableView.m in Sources */ = {isa = PBXBuildFile; fileRef = ACE03AC8265A9CCC00BDC5AA /* PLContentCollectionHeaderReusableView.m */; };
		ACE03ACB265A9CCC00BDC5AA /* PLContentCollectionHeaderReusableView.xib in Resources */ = {isa = PBXBuildFile; fileRef = ACE03AC9265A9CCC00BDC5AA /* PLContentCollectionHeaderReusableView.xib */; };
		ACE211CC2659F3E800FF52EC /* PLContentViewController.m in Sources */ = {isa = PBXBuildFile; fileRef = ACE211CA2659F3E800FF52EC /* PLContentViewController.m */; };
		ACE211CD2659F3E800FF52EC /* PLContentViewController.xib in Resources */ = {isa = PBXBuildFile; fileRef = ACE211CB2659F3E800FF52EC /* PLContentViewController.xib */; };
		ACE56D4026594CBA0027A68A /* WebKit.framework in Frameworks */ = {isa = PBXBuildFile; fileRef = ACE56D3926594B2A0027A68A /* WebKit.framework */; };
		ACEA4B04265BF2FD00D141D4 /* PLUniversalManager.m in Sources */ = {isa = PBXBuildFile; fileRef = ACEA4B03265BF2FD00D141D4 /* PLUniversalManager.m */; };
		ACF759A22663AEA80005322B /* PLContentPhoneViewController.m in Sources */ = {isa = PBXBuildFile; fileRef = ACF759A02663AEA80005322B /* PLContentPhoneViewController.m */; };
		ACF759A32663AEA80005322B /* PLContentPhoneViewController.xib in Resources */ = {isa = PBXBuildFile; fileRef = ACF759A12663AEA80005322B /* PLContentPhoneViewController.xib */; };
		ACF759B02663C4180005322B /* PLPhotoPhoneViewController.m in Sources */ = {isa = PBXBuildFile; fileRef = ACF759AE2663C4180005322B /* PLPhotoPhoneViewController.m */; };
		ACF759B12663C4180005322B /* PLPhotoPhoneViewController.xib in Resources */ = {isa = PBXBuildFile; fileRef = ACF759AF2663C4180005322B /* PLPhotoPhoneViewController.xib */; };
/* End PBXBuildFile section */

/* Begin PBXContainerItemProxy section */
		AC26250B265812AB00939375 /* PBXContainerItemProxy */ = {
			isa = PBXContainerItemProxy;
			containerPortal = AC2624E7265812A900939375 /* Project object */;
			proxyType = 1;
			remoteGlobalIDString = AC2624EE265812A900939375;
			remoteInfo = PhotoLibrary;
		};
		AC262516265812AB00939375 /* PBXContainerItemProxy */ = {
			isa = PBXContainerItemProxy;
			containerPortal = AC2624E7265812A900939375 /* Project object */;
			proxyType = 1;
			remoteGlobalIDString = AC2624EE265812A900939375;
			remoteInfo = PhotoLibrary;
		};
/* End PBXContainerItemProxy section */

/* Begin PBXFileReference section */
		75EB58FACAB4B4A5F6763D0E /* Pods_PhotoLibrary.framework */ = {isa = PBXFileReference; explicitFileType = wrapper.framework; includeInIndex = 0; path = Pods_PhotoLibrary.framework; sourceTree = BUILT_PRODUCTS_DIR; };
		AC243C71277CA4F1006182C0 /* GYLogManager.m */ = {isa = PBXFileReference; fileEncoding = 4; lastKnownFileType = sourcecode.c.objc; path = GYLogManager.m; sourceTree = "<group>"; };
		AC243C72277CA4F1006182C0 /* GYLogFormatters.m */ = {isa = PBXFileReference; fileEncoding = 4; lastKnownFileType = sourcecode.c.objc; path = GYLogFormatters.m; sourceTree = "<group>"; };
		AC243C73277CA4F1006182C0 /* GYLog.m */ = {isa = PBXFileReference; fileEncoding = 4; lastKnownFileType = sourcecode.c.objc; path = GYLog.m; sourceTree = "<group>"; };
		AC243C74277CA4F1006182C0 /* GYLogHeader.h */ = {isa = PBXFileReference; fileEncoding = 4; lastKnownFileType = sourcecode.c.h; path = GYLogHeader.h; sourceTree = "<group>"; };
		AC243C75277CA4F1006182C0 /* GYLogManager.h */ = {isa = PBXFileReference; fileEncoding = 4; lastKnownFileType = sourcecode.c.h; path = GYLogManager.h; sourceTree = "<group>"; };
		AC243C76277CA4F1006182C0 /* GYLogFormatters.h */ = {isa = PBXFileReference; fileEncoding = 4; lastKnownFileType = sourcecode.c.h; path = GYLogFormatters.h; sourceTree = "<group>"; };
		AC243C77277CA4F1006182C0 /* GYLog.h */ = {isa = PBXFileReference; fileEncoding = 4; lastKnownFileType = sourcecode.c.h; path = GYLog.h; sourceTree = "<group>"; };
		AC243C79277CA4F1006182C0 /* GYExceptionManager.m */ = {isa = PBXFileReference; fileEncoding = 4; lastKnownFileType = sourcecode.c.objc; path = GYExceptionManager.m; sourceTree = "<group>"; };
		AC243C7A277CA4F1006182C0 /* GYFileManager.h */ = {isa = PBXFileReference; fileEncoding = 4; lastKnownFileType = sourcecode.c.h; path = GYFileManager.h; sourceTree = "<group>"; };
		AC243C7B277CA4F1006182C0 /* GYFileManager.m */ = {isa = PBXFileReference; fileEncoding = 4; lastKnownFileType = sourcecode.c.objc; path = GYFileManager.m; sourceTree = "<group>"; };
		AC243C7C277CA4F1006182C0 /* GYExceptionManager.h */ = {isa = PBXFileReference; fileEncoding = 4; lastKnownFileType = sourcecode.c.h; path = GYExceptionManager.h; sourceTree = "<group>"; };
		AC243C7E277CA4F1006182C0 /* GYModel.h */ = {isa = PBXFileReference; fileEncoding = 4; lastKnownFileType = sourcecode.c.h; path = GYModel.h; sourceTree = "<group>"; };
		AC243C7F277CA4F1006182C0 /* GYModel.m */ = {isa = PBXFileReference; fileEncoding = 4; lastKnownFileType = sourcecode.c.objc; path = GYModel.m; sourceTree = "<group>"; };
		AC243C81277CA4F1006182C0 /* GYCommonOCHeader.h */ = {isa = PBXFileReference; fileEncoding = 4; lastKnownFileType = sourcecode.c.h; path = GYCommonOCHeader.h; sourceTree = "<group>"; };
		AC243C82277CA4F1006182C0 /* GYCommonConstsHeader.h */ = {isa = PBXFileReference; fileEncoding = 4; lastKnownFileType = sourcecode.c.h; path = GYCommonConstsHeader.h; sourceTree = "<group>"; };
		AC243C83277CA4F1006182C0 /* GYCommonCategoriesHeader.h */ = {isa = PBXFileReference; fileEncoding = 4; lastKnownFileType = sourcecode.c.h; path = GYCommonCategoriesHeader.h; sourceTree = "<group>"; };
		AC243C84277CA4F1006182C0 /* GYCommonManagersHeader.h */ = {isa = PBXFileReference; fileEncoding = 4; lastKnownFileType = sourcecode.c.h; path = GYCommonManagersHeader.h; sourceTree = "<group>"; };
		AC243C85277CA4F1006182C0 /* GYCommonKeysHeader.h */ = {isa = PBXFileReference; fileEncoding = 4; lastKnownFileType = sourcecode.c.h; path = GYCommonKeysHeader.h; sourceTree = "<group>"; };
		AC243C88277CA4F1006182C0 /* RACEXTScope.h */ = {isa = PBXFileReference; fileEncoding = 4; lastKnownFileType = sourcecode.c.h; path = RACEXTScope.h; sourceTree = "<group>"; };
		AC243C89277CA4F1006182C0 /* RACMetaMacros.h */ = {isa = PBXFileReference; fileEncoding = 4; lastKnownFileType = sourcecode.c.h; path = RACMetaMacros.h; sourceTree = "<group>"; };
		AC243C8B277CA4F1006182C0 /* NSDictionary+GYCommon.m */ = {isa = PBXFileReference; fileEncoding = 4; lastKnownFileType = sourcecode.c.objc; path = "NSDictionary+GYCommon.m"; sourceTree = "<group>"; };
		AC243C8C277CA4F1006182C0 /* NSError+GYCommon.h */ = {isa = PBXFileReference; fileEncoding = 4; lastKnownFileType = sourcecode.c.h; path = "NSError+GYCommon.h"; sourceTree = "<group>"; };
		AC243C8D277CA4F1006182C0 /* NSArray+GYCommon.h */ = {isa = PBXFileReference; fileEncoding = 4; lastKnownFileType = sourcecode.c.h; path = "NSArray+GYCommon.h"; sourceTree = "<group>"; };
		AC243C8E277CA4F1006182C0 /* NSDate+GYCommon.h */ = {isa = PBXFileReference; fileEncoding = 4; lastKnownFileType = sourcecode.c.h; path = "NSDate+GYCommon.h"; sourceTree = "<group>"; };
		AC243C8F277CA4F1006182C0 /* NSString+GYCommon.m */ = {isa = PBXFileReference; fileEncoding = 4; lastKnownFileType = sourcecode.c.objc; path = "NSString+GYCommon.m"; sourceTree = "<group>"; };
		AC243C90277CA4F1006182C0 /* NSError+GYCommon.m */ = {isa = PBXFileReference; fileEncoding = 4; lastKnownFileType = sourcecode.c.objc; path = "NSError+GYCommon.m"; sourceTree = "<group>"; };
		AC243C91277CA4F1006182C0 /* NSDictionary+GYCommon.h */ = {isa = PBXFileReference; fileEncoding = 4; lastKnownFileType = sourcecode.c.h; path = "NSDictionary+GYCommon.h"; sourceTree = "<group>"; };
		AC243C92277CA4F1006182C0 /* NSArray+GYCommon.m */ = {isa = PBXFileReference; fileEncoding = 4; lastKnownFileType = sourcecode.c.objc; path = "NSArray+GYCommon.m"; sourceTree = "<group>"; };
		AC243C93277CA4F1006182C0 /* NSString+GYCommon.h */ = {isa = PBXFileReference; fileEncoding = 4; lastKnownFileType = sourcecode.c.h; path = "NSString+GYCommon.h"; sourceTree = "<group>"; };
		AC243C94277CA4F1006182C0 /* NSDate+GYCommon.m */ = {isa = PBXFileReference; fileEncoding = 4; lastKnownFileType = sourcecode.c.objc; path = "NSDate+GYCommon.m"; sourceTree = "<group>"; };
		AC243C96277CA4F1006182C0 /* GYFoundationManager.h */ = {isa = PBXFileReference; fileEncoding = 4; lastKnownFileType = sourcecode.c.h; path = GYFoundationManager.h; sourceTree = "<group>"; };
		AC243C97277CA4F1006182C0 /* GYUIManager.h */ = {isa = PBXFileReference; fileEncoding = 4; lastKnownFileType = sourcecode.c.h; path = GYUIManager.h; sourceTree = "<group>"; };
		AC243C98277CA4F1006182C0 /* GYFoundationManager.m */ = {isa = PBXFileReference; fileEncoding = 4; lastKnownFileType = sourcecode.c.objc; path = GYFoundationManager.m; sourceTree = "<group>"; };
		AC243C99277CA4F1006182C0 /* GYUIManager.m */ = {isa = PBXFileReference; fileEncoding = 4; lastKnownFileType = sourcecode.c.objc; path = GYUIManager.m; sourceTree = "<group>"; };
		AC243CB5277CB069006182C0 /* GYiOSConstsHeader.h */ = {isa = PBXFileReference; fileEncoding = 4; lastKnownFileType = sourcecode.c.h; path = GYiOSConstsHeader.h; sourceTree = "<group>"; };
		AC243CB6277CB069006182C0 /* GYiOSKeysHeader.h */ = {isa = PBXFileReference; fileEncoding = 4; lastKnownFileType = sourcecode.c.h; path = GYiOSKeysHeader.h; sourceTree = "<group>"; };
		AC243CB7277CB069006182C0 /* GYiOSCategoriesHeader.h */ = {isa = PBXFileReference; fileEncoding = 4; lastKnownFileType = sourcecode.c.h; path = GYiOSCategoriesHeader.h; sourceTree = "<group>"; };
		AC243CB8277CB069006182C0 /* GYiOSOCHeader.h */ = {isa = PBXFileReference; fileEncoding = 4; lastKnownFileType = sourcecode.c.h; path = GYiOSOCHeader.h; sourceTree = "<group>"; };
		AC243CB9277CB069006182C0 /* GYiOSManagersHeader.h */ = {isa = PBXFileReference; fileEncoding = 4; lastKnownFileType = sourcecode.c.h; path = GYiOSManagersHeader.h; sourceTree = "<group>"; };
		AC243CBB277CB069006182C0 /* UIColor+GYiOS.m */ = {isa = PBXFileReference; fileEncoding = 4; lastKnownFileType = sourcecode.c.objc; path = "UIColor+GYiOS.m"; sourceTree = "<group>"; };
		AC243CBC277CB069006182C0 /* UIColor+GYiOS.h */ = {isa = PBXFileReference; fileEncoding = 4; lastKnownFileType = sourcecode.c.h; path = "UIColor+GYiOS.h"; sourceTree = "<group>"; };
		AC243CC1277CB192006182C0 /* UIImage+GYiOS.h */ = {isa = PBXFileReference; fileEncoding = 4; lastKnownFileType = sourcecode.c.h; path = "UIImage+GYiOS.h"; sourceTree = "<group>"; };
		AC243CC2277CB192006182C0 /* UIImage+GYiOS.m */ = {isa = PBXFileReference; fileEncoding = 4; lastKnownFileType = sourcecode.c.objc; path = "UIImage+GYiOS.m"; sourceTree = "<group>"; };
		AC243CC6277CB267006182C0 /* PLViewController.m */ = {isa = PBXFileReference; fileEncoding = 4; lastKnownFileType = sourcecode.c.objc; path = PLViewController.m; sourceTree = "<group>"; };
		AC243CC7277CB267006182C0 /* PLViewController.xib */ = {isa = PBXFileReference; fileEncoding = 4; lastKnownFileType = file.xib; path = PLViewController.xib; sourceTree = "<group>"; };
		AC243CC8277CB267006182C0 /* PLViewController.h */ = {isa = PBXFileReference; fileEncoding = 4; lastKnownFileType = sourcecode.c.h; path = PLViewController.h; sourceTree = "<group>"; };
		AC243CCD277CB267006182C0 /* PLAppManager.h */ = {isa = PBXFileReference; fileEncoding = 4; lastKnownFileType = sourcecode.c.h; path = PLAppManager.h; sourceTree = "<group>"; };
		AC243CCE277CB267006182C0 /* PLAppManager.m */ = {isa = PBXFileReference; fileEncoding = 4; lastKnownFileType = sourcecode.c.objc; path = PLAppManager.m; sourceTree = "<group>"; };
		AC243CD4277CB309006182C0 /* PLOCHeader.h */ = {isa = PBXFileReference; lastKnownFileType = sourcecode.c.h; path = PLOCHeader.h; sourceTree = "<group>"; };
		AC243CD5277CB369006182C0 /* PLManagersHeader.h */ = {isa = PBXFileReference; lastKnownFileType = sourcecode.c.h; path = PLManagersHeader.h; sourceTree = "<group>"; };
		AC2624EF265812A900939375 /* PhotoLibrary.app */ = {isa = PBXFileReference; explicitFileType = wrapper.application; includeInIndex = 0; path = PhotoLibrary.app; sourceTree = BUILT_PRODUCTS_DIR; };
		AC2624F2265812A900939375 /* AppDelegate.h */ = {isa = PBXFileReference; lastKnownFileType = sourcecode.c.h; path = AppDelegate.h; sourceTree = "<group>"; };
		AC2624F3265812A900939375 /* AppDelegate.m */ = {isa = PBXFileReference; lastKnownFileType = sourcecode.c.objc; path = AppDelegate.m; sourceTree = "<group>"; };
		AC2624F5265812A900939375 /* SceneDelegate.h */ = {isa = PBXFileReference; lastKnownFileType = sourcecode.c.h; path = SceneDelegate.h; sourceTree = "<group>"; };
		AC2624F6265812A900939375 /* SceneDelegate.m */ = {isa = PBXFileReference; lastKnownFileType = sourcecode.c.objc; path = SceneDelegate.m; sourceTree = "<group>"; };
		AC2624F8265812A900939375 /* ViewController.h */ = {isa = PBXFileReference; lastKnownFileType = sourcecode.c.h; path = ViewController.h; sourceTree = "<group>"; };
		AC2624F9265812A900939375 /* ViewController.m */ = {isa = PBXFileReference; lastKnownFileType = sourcecode.c.objc; path = ViewController.m; sourceTree = "<group>"; };
		AC2624FC265812A900939375 /* Base */ = {isa = PBXFileReference; lastKnownFileType = file.storyboard; name = Base; path = Base.lproj/Main.storyboard; sourceTree = "<group>"; };
		AC2624FE265812AA00939375 /* Assets.xcassets */ = {isa = PBXFileReference; lastKnownFileType = folder.assetcatalog; path = Assets.xcassets; sourceTree = "<group>"; };
		AC262501265812AA00939375 /* Base */ = {isa = PBXFileReference; lastKnownFileType = file.storyboard; name = Base; path = Base.lproj/LaunchScreen.storyboard; sourceTree = "<group>"; };
		AC262503265812AA00939375 /* Info.plist */ = {isa = PBXFileReference; lastKnownFileType = text.plist.xml; path = Info.plist; sourceTree = "<group>"; };
		AC262504265812AA00939375 /* main.m */ = {isa = PBXFileReference; lastKnownFileType = sourcecode.c.objc; path = main.m; sourceTree = "<group>"; };
		AC26250A265812AB00939375 /* PhotoLibraryTests.xctest */ = {isa = PBXFileReference; explicitFileType = wrapper.cfbundle; includeInIndex = 0; path = PhotoLibraryTests.xctest; sourceTree = BUILT_PRODUCTS_DIR; };
		AC26250E265812AB00939375 /* PhotoLibraryTests.m */ = {isa = PBXFileReference; lastKnownFileType = sourcecode.c.objc; path = PhotoLibraryTests.m; sourceTree = "<group>"; };
		AC262510265812AB00939375 /* Info.plist */ = {isa = PBXFileReference; lastKnownFileType = text.plist.xml; path = Info.plist; sourceTree = "<group>"; };
		AC262515265812AB00939375 /* PhotoLibraryUITests.xctest */ = {isa = PBXFileReference; explicitFileType = wrapper.cfbundle; includeInIndex = 0; path = PhotoLibraryUITests.xctest; sourceTree = BUILT_PRODUCTS_DIR; };
		AC262519265812AB00939375 /* PhotoLibraryUITests.m */ = {isa = PBXFileReference; lastKnownFileType = sourcecode.c.objc; path = PhotoLibraryUITests.m; sourceTree = "<group>"; };
		AC26251B265812AB00939375 /* Info.plist */ = {isa = PBXFileReference; lastKnownFileType = text.plist.xml; path = Info.plist; sourceTree = "<group>"; };
		AC26270D26581CD900939375 /* PhotoLibrary-Prefix.pch */ = {isa = PBXFileReference; lastKnownFileType = sourcecode.c.h; path = "PhotoLibrary-Prefix.pch"; sourceTree = "<group>"; };
		AC2C31822785E67300527DAE /* GYTapAlertHeader.h */ = {isa = PBXFileReference; fileEncoding = 4; lastKnownFileType = sourcecode.c.h; path = GYTapAlertHeader.h; sourceTree = "<group>"; };
		AC2C31832785E67300527DAE /* GYTapAlertManager.h */ = {isa = PBXFileReference; fileEncoding = 4; lastKnownFileType = sourcecode.c.h; path = GYTapAlertManager.h; sourceTree = "<group>"; };
		AC2C31842785E67300527DAE /* GYTapAlertAction.h */ = {isa = PBXFileReference; fileEncoding = 4; lastKnownFileType = sourcecode.c.h; path = GYTapAlertAction.h; sourceTree = "<group>"; };
		AC2C31852785E67300527DAE /* GYTapAlertManager.m */ = {isa = PBXFileReference; fileEncoding = 4; lastKnownFileType = sourcecode.c.objc; path = GYTapAlertManager.m; sourceTree = "<group>"; };
		AC2C31862785E67300527DAE /* GYTapAlertAction.m */ = {isa = PBXFileReference; fileEncoding = 4; lastKnownFileType = sourcecode.c.objc; path = GYTapAlertAction.m; sourceTree = "<group>"; };
		AC3C1687269994EF004A260E /* PLContentModel.h */ = {isa = PBXFileReference; lastKnownFileType = sourcecode.c.h; path = PLContentModel.h; sourceTree = "<group>"; };
		AC3C1688269994EF004A260E /* PLContentModel.m */ = {isa = PBXFileReference; lastKnownFileType = sourcecode.c.objc; path = PLContentModel.m; sourceTree = "<group>"; };
		AC3C16A22699A8AA004A260E /* PLNavigationItems.h */ = {isa = PBXFileReference; lastKnownFileType = sourcecode.c.h; path = PLNavigationItems.h; sourceTree = "<group>"; };
		AC3C16A32699A8AA004A260E /* PLNavigationItems.m */ = {isa = PBXFileReference; lastKnownFileType = sourcecode.c.objc; path = PLNavigationItems.m; sourceTree = "<group>"; };
		AC3F672226903A81000BF2E7 /* PLContentViewModel.h */ = {isa = PBXFileReference; lastKnownFileType = sourcecode.c.h; path = PLContentViewModel.h; sourceTree = "<group>"; };
		AC3F672326903A81000BF2E7 /* PLContentViewModel.m */ = {isa = PBXFileReference; lastKnownFileType = sourcecode.c.objc; path = PLContentViewModel.m; sourceTree = "<group>"; };
		AC3F67282690541F000BF2E7 /* PLContentView.h */ = {isa = PBXFileReference; lastKnownFileType = sourcecode.c.h; path = PLContentView.h; sourceTree = "<group>"; };
		AC3F67292690541F000BF2E7 /* PLContentView.m */ = {isa = PBXFileReference; lastKnownFileType = sourcecode.c.objc; path = PLContentView.m; sourceTree = "<group>"; };
		AC73E6D4268FFB8200191D66 /* PLOperationMenu.h */ = {isa = PBXFileReference; lastKnownFileType = sourcecode.c.h; path = PLOperationMenu.h; sourceTree = "<group>"; };
		AC73E6D5268FFB8200191D66 /* PLOperationMenu.m */ = {isa = PBXFileReference; lastKnownFileType = sourcecode.c.objc; path = PLOperationMenu.m; sourceTree = "<group>"; };
		ACA33A42266B5E40002E7F67 /* PLNavigationManager.h */ = {isa = PBXFileReference; lastKnownFileType = sourcecode.c.h; path = PLNavigationManager.h; sourceTree = "<group>"; };
		ACA33A43266B5E40002E7F67 /* PLNavigationManager.m */ = {isa = PBXFileReference; lastKnownFileType = sourcecode.c.objc; path = PLNavigationManager.m; sourceTree = "<group>"; };
		ACA6667826623E7700338972 /* PLPhotoFileModel.h */ = {isa = PBXFileReference; lastKnownFileType = sourcecode.c.h; path = PLPhotoFileModel.h; sourceTree = "<group>"; };
		ACA6667926623E7700338972 /* PLPhotoFileModel.m */ = {isa = PBXFileReference; lastKnownFileType = sourcecode.c.objc; path = PLPhotoFileModel.m; sourceTree = "<group>"; };
		ACA6667E2662594400338972 /* PLPhotoBottomCellView.h */ = {isa = PBXFileReference; lastKnownFileType = sourcecode.c.h; path = PLPhotoBottomCellView.h; sourceTree = "<group>"; };
		ACA6667F2662594400338972 /* PLPhotoBottomCellView.m */ = {isa = PBXFileReference; lastKnownFileType = sourcecode.c.objc; path = PLPhotoBottomCellView.m; sourceTree = "<group>"; };
		ACC29E7726612D96001E7B78 /* PLPhotoMainCellView.h */ = {isa = PBXFileReference; lastKnownFileType = sourcecode.c.h; path = PLPhotoMainCellView.h; sourceTree = "<group>"; };
		ACC29E7826612D96001E7B78 /* PLPhotoMainCellView.m */ = {isa = PBXFileReference; lastKnownFileType = sourcecode.c.objc; path = PLPhotoMainCellView.m; sourceTree = "<group>"; };
		ACDF2270265FE00000608CD0 /* PLPhotoViewController.h */ = {isa = PBXFileReference; lastKnownFileType = sourcecode.c.h; path = PLPhotoViewController.h; sourceTree = "<group>"; };
		ACDF2271265FE00000608CD0 /* PLPhotoViewController.m */ = {isa = PBXFileReference; lastKnownFileType = sourcecode.c.objc; path = PLPhotoViewController.m; sourceTree = "<group>"; };
		ACDF2272265FE00000608CD0 /* PLPhotoViewController.xib */ = {isa = PBXFileReference; lastKnownFileType = file.xib; path = PLPhotoViewController.xib; sourceTree = "<group>"; };
		ACE03ABF265A95C900BDC5AA /* PLContentCollectionViewCell.h */ = {isa = PBXFileReference; lastKnownFileType = sourcecode.c.h; path = PLContentCollectionViewCell.h; sourceTree = "<group>"; };
		ACE03AC0265A95C900BDC5AA /* PLContentCollectionViewCell.m */ = {isa = PBXFileReference; lastKnownFileType = sourcecode.c.objc; path = PLContentCollectionViewCell.m; sourceTree = "<group>"; };
		ACE03AC1265A95C900BDC5AA /* PLContentCollectionViewCell.xib */ = {isa = PBXFileReference; lastKnownFileType = file.xib; path = PLContentCollectionViewCell.xib; sourceTree = "<group>"; };
		ACE03AC7265A9CCC00BDC5AA /* PLContentCollectionHeaderReusableView.h */ = {isa = PBXFileReference; lastKnownFileType = sourcecode.c.h; path = PLContentCollectionHeaderReusableView.h; sourceTree = "<group>"; };
		ACE03AC8265A9CCC00BDC5AA /* PLContentCollectionHeaderReusableView.m */ = {isa = PBXFileReference; lastKnownFileType = sourcecode.c.objc; path = PLContentCollectionHeaderReusableView.m; sourceTree = "<group>"; };
		ACE03AC9265A9CCC00BDC5AA /* PLContentCollectionHeaderReusableView.xib */ = {isa = PBXFileReference; lastKnownFileType = file.xib; path = PLContentCollectionHeaderReusableView.xib; sourceTree = "<group>"; };
		ACE211C92659F3E800FF52EC /* PLContentViewController.h */ = {isa = PBXFileReference; lastKnownFileType = sourcecode.c.h; path = PLContentViewController.h; sourceTree = "<group>"; };
		ACE211CA2659F3E800FF52EC /* PLContentViewController.m */ = {isa = PBXFileReference; lastKnownFileType = sourcecode.c.objc; path = PLContentViewController.m; sourceTree = "<group>"; };
		ACE211CB2659F3E800FF52EC /* PLContentViewController.xib */ = {isa = PBXFileReference; lastKnownFileType = file.xib; path = PLContentViewController.xib; sourceTree = "<group>"; };
		ACE211EC265A085A00FF52EC /* zh-Hans */ = {isa = PBXFileReference; lastKnownFileType = text.plist.strings; name = "zh-Hans"; path = "zh-Hans.lproj/Main.strings"; sourceTree = "<group>"; };
		ACE211ED265A085A00FF52EC /* zh-Hans */ = {isa = PBXFileReference; lastKnownFileType = text.plist.strings; name = "zh-Hans"; path = "zh-Hans.lproj/LaunchScreen.strings"; sourceTree = "<group>"; };
		ACE56D3926594B2A0027A68A /* WebKit.framework */ = {isa = PBXFileReference; lastKnownFileType = wrapper.framework; name = WebKit.framework; path = System/Library/Frameworks/WebKit.framework; sourceTree = SDKROOT; };
		ACEA4B02265BF2FD00D141D4 /* PLUniversalManager.h */ = {isa = PBXFileReference; lastKnownFileType = sourcecode.c.h; path = PLUniversalManager.h; sourceTree = "<group>"; };
		ACEA4B03265BF2FD00D141D4 /* PLUniversalManager.m */ = {isa = PBXFileReference; lastKnownFileType = sourcecode.c.objc; path = PLUniversalManager.m; sourceTree = "<group>"; };
		ACEA4B1D265BF68D00D141D4 /* PLConstsHeader.h */ = {isa = PBXFileReference; lastKnownFileType = sourcecode.c.h; path = PLConstsHeader.h; sourceTree = "<group>"; };
		ACEA4B1E265BF6A400D141D4 /* PLKeysHeader.h */ = {isa = PBXFileReference; lastKnownFileType = sourcecode.c.h; path = PLKeysHeader.h; sourceTree = "<group>"; };
		ACF7599F2663AEA80005322B /* PLContentPhoneViewController.h */ = {isa = PBXFileReference; lastKnownFileType = sourcecode.c.h; path = PLContentPhoneViewController.h; sourceTree = "<group>"; };
		ACF759A02663AEA80005322B /* PLContentPhoneViewController.m */ = {isa = PBXFileReference; lastKnownFileType = sourcecode.c.objc; path = PLContentPhoneViewController.m; sourceTree = "<group>"; };
		ACF759A12663AEA80005322B /* PLContentPhoneViewController.xib */ = {isa = PBXFileReference; lastKnownFileType = file.xib; path = PLContentPhoneViewController.xib; sourceTree = "<group>"; };
		ACF759AD2663C4180005322B /* PLPhotoPhoneViewController.h */ = {isa = PBXFileReference; lastKnownFileType = sourcecode.c.h; path = PLPhotoPhoneViewController.h; sourceTree = "<group>"; };
		ACF759AE2663C4180005322B /* PLPhotoPhoneViewController.m */ = {isa = PBXFileReference; lastKnownFileType = sourcecode.c.objc; path = PLPhotoPhoneViewController.m; sourceTree = "<group>"; };
		ACF759AF2663C4180005322B /* PLPhotoPhoneViewController.xib */ = {isa = PBXFileReference; lastKnownFileType = file.xib; path = PLPhotoPhoneViewController.xib; sourceTree = "<group>"; };
		DFA84B250B7AFDF508A1ACC2 /* Pods-PhotoLibrary.release.xcconfig */ = {isa = PBXFileReference; includeInIndex = 1; lastKnownFileType = text.xcconfig; name = "Pods-PhotoLibrary.release.xcconfig"; path = "Target Support Files/Pods-PhotoLibrary/Pods-PhotoLibrary.release.xcconfig"; sourceTree = "<group>"; };
		F8DA00690153E25CFC113A7C /* Pods-PhotoLibrary.debug.xcconfig */ = {isa = PBXFileReference; includeInIndex = 1; lastKnownFileType = text.xcconfig; name = "Pods-PhotoLibrary.debug.xcconfig"; path = "Target Support Files/Pods-PhotoLibrary/Pods-PhotoLibrary.debug.xcconfig"; sourceTree = "<group>"; };
/* End PBXFileReference section */

/* Begin PBXFrameworksBuildPhase section */
		AC2624EC265812A900939375 /* Frameworks */ = {
			isa = PBXFrameworksBuildPhase;
			buildActionMask = 2147483647;
			files = (
				7BE022AC31DF9F9A14597AB4 /* Pods_PhotoLibrary.framework in Frameworks */,
				ACE56D4026594CBA0027A68A /* WebKit.framework in Frameworks */,
			);
			runOnlyForDeploymentPostprocessing = 0;
		};
		AC262507265812AB00939375 /* Frameworks */ = {
			isa = PBXFrameworksBuildPhase;
			buildActionMask = 2147483647;
			files = (
			);
			runOnlyForDeploymentPostprocessing = 0;
		};
		AC262512265812AB00939375 /* Frameworks */ = {
			isa = PBXFrameworksBuildPhase;
			buildActionMask = 2147483647;
			files = (
			);
			runOnlyForDeploymentPostprocessing = 0;
		};
/* End PBXFrameworksBuildPhase section */

/* Begin PBXGroup section */
		3298C19DFD8C0E8DCD41E04A /* Pods */ = {
			isa = PBXGroup;
			children = (
				F8DA00690153E25CFC113A7C /* Pods-PhotoLibrary.debug.xcconfig */,
				DFA84B250B7AFDF508A1ACC2 /* Pods-PhotoLibrary.release.xcconfig */,
			);
			path = Pods;
			sourceTree = "<group>";
		};
		6ADEB2277367DA271EE438B2 /* Frameworks */ = {
			isa = PBXGroup;
			children = (
				ACE56D3926594B2A0027A68A /* WebKit.framework */,
				75EB58FACAB4B4A5F6763D0E /* Pods_PhotoLibrary.framework */,
			);
			name = Frameworks;
			sourceTree = "<group>";
		};
		AC243C6E277CA4F1006182C0 /* GYCommon */ = {
			isa = PBXGroup;
			children = (
				AC243C80277CA4F1006182C0 /* Headers */,
				AC243C8A277CA4F1006182C0 /* Categories */,
				AC243C95277CA4F1006182C0 /* Base */,
				AC243C6F277CA4F1006182C0 /* Base Services */,
				AC243C78277CA4F1006182C0 /* Managers */,
				AC243C7D277CA4F1006182C0 /* Models */,
				AC243C86277CA4F1006182C0 /* Third Parties */,
			);
			path = GYCommon;
			sourceTree = "<group>";
		};
		AC243C6F277CA4F1006182C0 /* Base Services */ = {
			isa = PBXGroup;
			children = (
				AC243C70277CA4F1006182C0 /* Log */,
			);
			path = "Base Services";
			sourceTree = "<group>";
		};
		AC243C70277CA4F1006182C0 /* Log */ = {
			isa = PBXGroup;
			children = (
				AC243C74277CA4F1006182C0 /* GYLogHeader.h */,
				AC243C77277CA4F1006182C0 /* GYLog.h */,
				AC243C73277CA4F1006182C0 /* GYLog.m */,
				AC243C76277CA4F1006182C0 /* GYLogFormatters.h */,
				AC243C72277CA4F1006182C0 /* GYLogFormatters.m */,
				AC243C75277CA4F1006182C0 /* GYLogManager.h */,
				AC243C71277CA4F1006182C0 /* GYLogManager.m */,
			);
			path = Log;
			sourceTree = "<group>";
		};
		AC243C78277CA4F1006182C0 /* Managers */ = {
			isa = PBXGroup;
			children = (
				AC243C7C277CA4F1006182C0 /* GYExceptionManager.h */,
				AC243C79277CA4F1006182C0 /* GYExceptionManager.m */,
				AC243C7A277CA4F1006182C0 /* GYFileManager.h */,
				AC243C7B277CA4F1006182C0 /* GYFileManager.m */,
			);
			path = Managers;
			sourceTree = "<group>";
		};
		AC243C7D277CA4F1006182C0 /* Models */ = {
			isa = PBXGroup;
			children = (
				AC243C7E277CA4F1006182C0 /* GYModel.h */,
				AC243C7F277CA4F1006182C0 /* GYModel.m */,
			);
			path = Models;
			sourceTree = "<group>";
		};
		AC243C80277CA4F1006182C0 /* Headers */ = {
			isa = PBXGroup;
			children = (
				AC243C81277CA4F1006182C0 /* GYCommonOCHeader.h */,
				AC243C82277CA4F1006182C0 /* GYCommonConstsHeader.h */,
				AC243C85277CA4F1006182C0 /* GYCommonKeysHeader.h */,
				AC243C83277CA4F1006182C0 /* GYCommonCategoriesHeader.h */,
				AC243C84277CA4F1006182C0 /* GYCommonManagersHeader.h */,
			);
			path = Headers;
			sourceTree = "<group>";
		};
		AC243C86277CA4F1006182C0 /* Third Parties */ = {
			isa = PBXGroup;
			children = (
				AC243C87277CA4F1006182C0 /* RAC */,
			);
			path = "Third Parties";
			sourceTree = "<group>";
		};
		AC243C87277CA4F1006182C0 /* RAC */ = {
			isa = PBXGroup;
			children = (
				AC243C88277CA4F1006182C0 /* RACEXTScope.h */,
				AC243C89277CA4F1006182C0 /* RACMetaMacros.h */,
			);
			path = RAC;
			sourceTree = "<group>";
		};
		AC243C8A277CA4F1006182C0 /* Categories */ = {
			isa = PBXGroup;
			children = (
				AC243C8D277CA4F1006182C0 /* NSArray+GYCommon.h */,
				AC243C92277CA4F1006182C0 /* NSArray+GYCommon.m */,
				AC243C8E277CA4F1006182C0 /* NSDate+GYCommon.h */,
				AC243C94277CA4F1006182C0 /* NSDate+GYCommon.m */,
				AC243C91277CA4F1006182C0 /* NSDictionary+GYCommon.h */,
				AC243C8B277CA4F1006182C0 /* NSDictionary+GYCommon.m */,
				AC243C8C277CA4F1006182C0 /* NSError+GYCommon.h */,
				AC243C90277CA4F1006182C0 /* NSError+GYCommon.m */,
				AC243C93277CA4F1006182C0 /* NSString+GYCommon.h */,
				AC243C8F277CA4F1006182C0 /* NSString+GYCommon.m */,
			);
			path = Categories;
			sourceTree = "<group>";
		};
		AC243C95277CA4F1006182C0 /* Base */ = {
			isa = PBXGroup;
			children = (
				AC243C96277CA4F1006182C0 /* GYFoundationManager.h */,
				AC243C98277CA4F1006182C0 /* GYFoundationManager.m */,
				AC243C97277CA4F1006182C0 /* GYUIManager.h */,
				AC243C99277CA4F1006182C0 /* GYUIManager.m */,
			);
			path = Base;
			sourceTree = "<group>";
		};
		AC243CB3277CB069006182C0 /* GYiOS */ = {
			isa = PBXGroup;
			children = (
				AC243CB4277CB069006182C0 /* Headers */,
				AC243CBA277CB069006182C0 /* Categories */,
				AC2C31802785E67300527DAE /* Base Services */,
			);
			path = GYiOS;
			sourceTree = "<group>";
		};
		AC243CB4277CB069006182C0 /* Headers */ = {
			isa = PBXGroup;
			children = (
				AC243CB8277CB069006182C0 /* GYiOSOCHeader.h */,
				AC243CB5277CB069006182C0 /* GYiOSConstsHeader.h */,
				AC243CB6277CB069006182C0 /* GYiOSKeysHeader.h */,
				AC243CB7277CB069006182C0 /* GYiOSCategoriesHeader.h */,
				AC243CB9277CB069006182C0 /* GYiOSManagersHeader.h */,
			);
			path = Headers;
			sourceTree = "<group>";
		};
		AC243CBA277CB069006182C0 /* Categories */ = {
			isa = PBXGroup;
			children = (
				AC243CBC277CB069006182C0 /* UIColor+GYiOS.h */,
				AC243CBB277CB069006182C0 /* UIColor+GYiOS.m */,
				AC243CC1277CB192006182C0 /* UIImage+GYiOS.h */,
				AC243CC2277CB192006182C0 /* UIImage+GYiOS.m */,
			);
			path = Categories;
			sourceTree = "<group>";
		};
		AC243CC4277CB267006182C0 /* Universal */ = {
			isa = PBXGroup;
			children = (
				AC243CD3277CB28E006182C0 /* Headers */,
				AC243CC5277CB267006182C0 /* Classes */,
				AC243CC9277CB267006182C0 /* Managers */,
			);
			path = Universal;
			sourceTree = "<group>";
		};
		AC243CC5277CB267006182C0 /* Classes */ = {
			isa = PBXGroup;
			children = (
				AC243CC8277CB267006182C0 /* PLViewController.h */,
				AC243CC6277CB267006182C0 /* PLViewController.m */,
				AC243CC7277CB267006182C0 /* PLViewController.xib */,
			);
			path = Classes;
			sourceTree = "<group>";
		};
		AC243CC9277CB267006182C0 /* Managers */ = {
			isa = PBXGroup;
			children = (
				AC243CCD277CB267006182C0 /* PLAppManager.h */,
				AC243CCE277CB267006182C0 /* PLAppManager.m */,
			);
			path = Managers;
			sourceTree = "<group>";
		};
		AC243CD3277CB28E006182C0 /* Headers */ = {
			isa = PBXGroup;
			children = (
				AC243CD4277CB309006182C0 /* PLOCHeader.h */,
				ACEA4B1D265BF68D00D141D4 /* PLConstsHeader.h */,
				ACEA4B1E265BF6A400D141D4 /* PLKeysHeader.h */,
				AC243CD5277CB369006182C0 /* PLManagersHeader.h */,
			);
			path = Headers;
			sourceTree = "<group>";
		};
		AC2624E6265812A900939375 = {
			isa = PBXGroup;
			children = (
				AC2624F1265812A900939375 /* PhotoLibrary */,
				AC26250D265812AB00939375 /* PhotoLibraryTests */,
				AC262518265812AB00939375 /* PhotoLibraryUITests */,
				AC2624F0265812A900939375 /* Products */,
				3298C19DFD8C0E8DCD41E04A /* Pods */,
				6ADEB2277367DA271EE438B2 /* Frameworks */,
			);
			sourceTree = "<group>";
		};
		AC2624F0265812A900939375 /* Products */ = {
			isa = PBXGroup;
			children = (
				AC2624EF265812A900939375 /* PhotoLibrary.app */,
				AC26250A265812AB00939375 /* PhotoLibraryTests.xctest */,
				AC262515265812AB00939375 /* PhotoLibraryUITests.xctest */,
			);
			name = Products;
			sourceTree = "<group>";
		};
		AC2624F1265812A900939375 /* PhotoLibrary */ = {
			isa = PBXGroup;
			children = (
				AC2624F2265812A900939375 /* AppDelegate.h */,
				AC2624F3265812A900939375 /* AppDelegate.m */,
				AC2624F5265812A900939375 /* SceneDelegate.h */,
				AC2624F6265812A900939375 /* SceneDelegate.m */,
				AC2624F8265812A900939375 /* ViewController.h */,
				AC2624F9265812A900939375 /* ViewController.m */,
				AC2624FB265812A900939375 /* Main.storyboard */,
				AC262500265812AA00939375 /* LaunchScreen.storyboard */,
				AC243CC4277CB267006182C0 /* Universal */,
				ACE56CB3265938C50027A68A /* Main */,
				AC243C6E277CA4F1006182C0 /* GYCommon */,
				AC243CB3277CB069006182C0 /* GYiOS */,
				AC26254C265813E200939375 /* Resources */,
			);
			path = PhotoLibrary;
			sourceTree = "<group>";
		};
		AC26250D265812AB00939375 /* PhotoLibraryTests */ = {
			isa = PBXGroup;
			children = (
				AC26250E265812AB00939375 /* PhotoLibraryTests.m */,
				AC262510265812AB00939375 /* Info.plist */,
			);
			path = PhotoLibraryTests;
			sourceTree = "<group>";
		};
		AC262518265812AB00939375 /* PhotoLibraryUITests */ = {
			isa = PBXGroup;
			children = (
				AC262519265812AB00939375 /* PhotoLibraryUITests.m */,
				AC26251B265812AB00939375 /* Info.plist */,
			);
			path = PhotoLibraryUITests;
			sourceTree = "<group>";
		};
		AC26254C265813E200939375 /* Resources */ = {
			isa = PBXGroup;
			children = (
				AC2624FE265812AA00939375 /* Assets.xcassets */,
				AC262503265812AA00939375 /* Info.plist */,
				AC262504265812AA00939375 /* main.m */,
				AC26270D26581CD900939375 /* PhotoLibrary-Prefix.pch */,
			);
			path = Resources;
			sourceTree = "<group>";
		};
		AC2C31802785E67300527DAE /* Base Services */ = {
			isa = PBXGroup;
			children = (
				AC2C31812785E67300527DAE /* Tap Alert */,
			);
			path = "Base Services";
			sourceTree = "<group>";
		};
		AC2C31812785E67300527DAE /* Tap Alert */ = {
			isa = PBXGroup;
			children = (
				AC2C31822785E67300527DAE /* GYTapAlertHeader.h */,
				AC2C31842785E67300527DAE /* GYTapAlertAction.h */,
				AC2C31862785E67300527DAE /* GYTapAlertAction.m */,
				AC2C31832785E67300527DAE /* GYTapAlertManager.h */,
				AC2C31852785E67300527DAE /* GYTapAlertManager.m */,
			);
			path = "Tap Alert";
			sourceTree = "<group>";
		};
		AC3C16962699A84A004A260E /* Content */ = {
			isa = PBXGroup;
			children = (
				AC3C1687269994EF004A260E /* PLContentModel.h */,
				AC3C1688269994EF004A260E /* PLContentModel.m */,
				AC3F672226903A81000BF2E7 /* PLContentViewModel.h */,
				AC3F672326903A81000BF2E7 /* PLContentViewModel.m */,
			);
			path = Content;
			sourceTree = "<group>";
		};
		AC3C169A2699A855004A260E /* Photo */ = {
			isa = PBXGroup;
			children = (
				ACA6667826623E7700338972 /* PLPhotoFileModel.h */,
				ACA6667926623E7700338972 /* PLPhotoFileModel.m */,
			);
			path = Photo;
			sourceTree = "<group>";
		};
		AC3C169E2699A861004A260E /* Navigation */ = {
			isa = PBXGroup;
			children = (
				AC3C16A22699A8AA004A260E /* PLNavigationItems.h */,
				AC3C16A32699A8AA004A260E /* PLNavigationItems.m */,
				AC73E6D4268FFB8200191D66 /* PLOperationMenu.h */,
				AC73E6D5268FFB8200191D66 /* PLOperationMenu.m */,
			);
			path = Navigation;
			sourceTree = "<group>";
		};
		ACA6667726623E5E00338972 /* Models */ = {
			isa = PBXGroup;
			children = (
				AC3C16962699A84A004A260E /* Content */,
				AC3C169A2699A855004A260E /* Photo */,
				AC3C169E2699A861004A260E /* Navigation */,
			);
			path = Models;
			sourceTree = "<group>";
		};
		ACE211D12659F67400FF52EC /* Views */ = {
			isa = PBXGroup;
			children = (
				ACF759A62663C3750005322B /* Content */,
				ACF759A72663C3840005322B /* Photo */,
			);
			path = Views;
			sourceTree = "<group>";
		};
		ACE56CB3265938C50027A68A /* Main */ = {
			isa = PBXGroup;
			children = (
				ACE56D50265951610027A68A /* Controllers */,
				ACE56D64265952340027A68A /* Managers */,
				ACA6667726623E5E00338972 /* Models */,
				ACE211D12659F67400FF52EC /* Views */,
			);
			path = Main;
			sourceTree = "<group>";
		};
		ACE56D50265951610027A68A /* Controllers */ = {
			isa = PBXGroup;
			children = (
				ACF759A42663C31B0005322B /* For iPad */,
				ACF759A52663C32B0005322B /* For iPhone */,
			);
			path = Controllers;
			sourceTree = "<group>";
		};
		ACE56D64265952340027A68A /* Managers */ = {
			isa = PBXGroup;
			children = (
				ACEA4B02265BF2FD00D141D4 /* PLUniversalManager.h */,
				ACEA4B03265BF2FD00D141D4 /* PLUniversalManager.m */,
				ACA33A42266B5E40002E7F67 /* PLNavigationManager.h */,
				ACA33A43266B5E40002E7F67 /* PLNavigationManager.m */,
			);
			path = Managers;
			sourceTree = "<group>";
		};
		ACF759A42663C31B0005322B /* For iPad */ = {
			isa = PBXGroup;
			children = (
				ACE211C92659F3E800FF52EC /* PLContentViewController.h */,
				ACE211CA2659F3E800FF52EC /* PLContentViewController.m */,
				ACE211CB2659F3E800FF52EC /* PLContentViewController.xib */,
				ACDF2270265FE00000608CD0 /* PLPhotoViewController.h */,
				ACDF2271265FE00000608CD0 /* PLPhotoViewController.m */,
				ACDF2272265FE00000608CD0 /* PLPhotoViewController.xib */,
			);
			path = "For iPad";
			sourceTree = "<group>";
		};
		ACF759A52663C32B0005322B /* For iPhone */ = {
			isa = PBXGroup;
			children = (
				ACF7599F2663AEA80005322B /* PLContentPhoneViewController.h */,
				ACF759A02663AEA80005322B /* PLContentPhoneViewController.m */,
				ACF759A12663AEA80005322B /* PLContentPhoneViewController.xib */,
				ACF759AD2663C4180005322B /* PLPhotoPhoneViewController.h */,
				ACF759AE2663C4180005322B /* PLPhotoPhoneViewController.m */,
				ACF759AF2663C4180005322B /* PLPhotoPhoneViewController.xib */,
			);
			path = "For iPhone";
			sourceTree = "<group>";
		};
		ACF759A62663C3750005322B /* Content */ = {
			isa = PBXGroup;
			children = (
				AC3F67282690541F000BF2E7 /* PLContentView.h */,
				AC3F67292690541F000BF2E7 /* PLContentView.m */,
				ACE03ABF265A95C900BDC5AA /* PLContentCollectionViewCell.h */,
				ACE03AC0265A95C900BDC5AA /* PLContentCollectionViewCell.m */,
				ACE03AC1265A95C900BDC5AA /* PLContentCollectionViewCell.xib */,
				ACE03AC7265A9CCC00BDC5AA /* PLContentCollectionHeaderReusableView.h */,
				ACE03AC8265A9CCC00BDC5AA /* PLContentCollectionHeaderReusableView.m */,
				ACE03AC9265A9CCC00BDC5AA /* PLContentCollectionHeaderReusableView.xib */,
			);
			path = Content;
			sourceTree = "<group>";
		};
		ACF759A72663C3840005322B /* Photo */ = {
			isa = PBXGroup;
			children = (
				ACC29E7726612D96001E7B78 /* PLPhotoMainCellView.h */,
				ACC29E7826612D96001E7B78 /* PLPhotoMainCellView.m */,
				ACA6667E2662594400338972 /* PLPhotoBottomCellView.h */,
				ACA6667F2662594400338972 /* PLPhotoBottomCellView.m */,
			);
			path = Photo;
			sourceTree = "<group>";
		};
/* End PBXGroup section */

/* Begin PBXNativeTarget section */
		AC2624EE265812A900939375 /* PhotoLibrary */ = {
			isa = PBXNativeTarget;
			buildConfigurationList = AC26251E265812AB00939375 /* Build configuration list for PBXNativeTarget "PhotoLibrary" */;
			buildPhases = (
				A0B6B80EA820026169B39D7C /* [CP] Check Pods Manifest.lock */,
				AC2624EB265812A900939375 /* Sources */,
				AC2624EC265812A900939375 /* Frameworks */,
				AC2624ED265812A900939375 /* Resources */,
				6B3F9656C75BEC1377AC9095 /* [CP] Embed Pods Frameworks */,
			);
			buildRules = (
			);
			dependencies = (
			);
			name = PhotoLibrary;
			productName = PhotoLibrary;
			productReference = AC2624EF265812A900939375 /* PhotoLibrary.app */;
			productType = "com.apple.product-type.application";
		};
		AC262509265812AB00939375 /* PhotoLibraryTests */ = {
			isa = PBXNativeTarget;
			buildConfigurationList = AC262521265812AB00939375 /* Build configuration list for PBXNativeTarget "PhotoLibraryTests" */;
			buildPhases = (
				AC262506265812AB00939375 /* Sources */,
				AC262507265812AB00939375 /* Frameworks */,
				AC262508265812AB00939375 /* Resources */,
			);
			buildRules = (
			);
			dependencies = (
				AC26250C265812AB00939375 /* PBXTargetDependency */,
			);
			name = PhotoLibraryTests;
			productName = PhotoLibraryTests;
			productReference = AC26250A265812AB00939375 /* PhotoLibraryTests.xctest */;
			productType = "com.apple.product-type.bundle.unit-test";
		};
		AC262514265812AB00939375 /* PhotoLibraryUITests */ = {
			isa = PBXNativeTarget;
			buildConfigurationList = AC262524265812AB00939375 /* Build configuration list for PBXNativeTarget "PhotoLibraryUITests" */;
			buildPhases = (
				AC262511265812AB00939375 /* Sources */,
				AC262512265812AB00939375 /* Frameworks */,
				AC262513265812AB00939375 /* Resources */,
			);
			buildRules = (
			);
			dependencies = (
				AC262517265812AB00939375 /* PBXTargetDependency */,
			);
			name = PhotoLibraryUITests;
			productName = PhotoLibraryUITests;
			productReference = AC262515265812AB00939375 /* PhotoLibraryUITests.xctest */;
			productType = "com.apple.product-type.bundle.ui-testing";
		};
/* End PBXNativeTarget section */

/* Begin PBXProject section */
		AC2624E7265812A900939375 /* Project object */ = {
			isa = PBXProject;
			attributes = {
				LastUpgradeCheck = 1240;
				TargetAttributes = {
					AC2624EE265812A900939375 = {
						CreatedOnToolsVersion = 12.4;
					};
					AC262509265812AB00939375 = {
						CreatedOnToolsVersion = 12.4;
						TestTargetID = AC2624EE265812A900939375;
					};
					AC262514265812AB00939375 = {
						CreatedOnToolsVersion = 12.4;
						TestTargetID = AC2624EE265812A900939375;
					};
				};
			};
			buildConfigurationList = AC2624EA265812A900939375 /* Build configuration list for PBXProject "PhotoLibrary" */;
			compatibilityVersion = "Xcode 9.3";
			developmentRegion = en;
			hasScannedForEncodings = 0;
			knownRegions = (
				en,
				Base,
				"zh-Hans",
			);
			mainGroup = AC2624E6265812A900939375;
			productRefGroup = AC2624F0265812A900939375 /* Products */;
			projectDirPath = "";
			projectRoot = "";
			targets = (
				AC2624EE265812A900939375 /* PhotoLibrary */,
				AC262509265812AB00939375 /* PhotoLibraryTests */,
				AC262514265812AB00939375 /* PhotoLibraryUITests */,
			);
		};
/* End PBXProject section */

/* Begin PBXResourcesBuildPhase section */
		AC2624ED265812A900939375 /* Resources */ = {
			isa = PBXResourcesBuildPhase;
			buildActionMask = 2147483647;
			files = (
				AC262502265812AA00939375 /* LaunchScreen.storyboard in Resources */,
				AC2624FF265812AA00939375 /* Assets.xcassets in Resources */,
				ACF759A32663AEA80005322B /* PLContentPhoneViewController.xib in Resources */,
				ACE03ACB265A9CCC00BDC5AA /* PLContentCollectionHeaderReusableView.xib in Resources */,
				ACDF2274265FE00000608CD0 /* PLPhotoViewController.xib in Resources */,
				ACF759B12663C4180005322B /* PLPhotoPhoneViewController.xib in Resources */,
				AC243CD0277CB267006182C0 /* PLViewController.xib in Resources */,
				ACE211CD2659F3E800FF52EC /* PLContentViewController.xib in Resources */,
				AC2624FD265812A900939375 /* Main.storyboard in Resources */,
				ACE03AC3265A95C900BDC5AA /* PLContentCollectionViewCell.xib in Resources */,
			);
			runOnlyForDeploymentPostprocessing = 0;
		};
		AC262508265812AB00939375 /* Resources */ = {
			isa = PBXResourcesBuildPhase;
			buildActionMask = 2147483647;
			files = (
			);
			runOnlyForDeploymentPostprocessing = 0;
		};
		AC262513265812AB00939375 /* Resources */ = {
			isa = PBXResourcesBuildPhase;
			buildActionMask = 2147483647;
			files = (
			);
			runOnlyForDeploymentPostprocessing = 0;
		};
/* End PBXResourcesBuildPhase section */

/* Begin PBXShellScriptBuildPhase section */
		6B3F9656C75BEC1377AC9095 /* [CP] Embed Pods Frameworks */ = {
			isa = PBXShellScriptBuildPhase;
			buildActionMask = 2147483647;
			files = (
			);
			inputFileListPaths = (
				"${PODS_ROOT}/Target Support Files/Pods-PhotoLibrary/Pods-PhotoLibrary-frameworks-${CONFIGURATION}-input-files.xcfilelist",
			);
			name = "[CP] Embed Pods Frameworks";
			outputFileListPaths = (
				"${PODS_ROOT}/Target Support Files/Pods-PhotoLibrary/Pods-PhotoLibrary-frameworks-${CONFIGURATION}-output-files.xcfilelist",
			);
			runOnlyForDeploymentPostprocessing = 0;
			shellPath = /bin/sh;
			shellScript = "\"${PODS_ROOT}/Target Support Files/Pods-PhotoLibrary/Pods-PhotoLibrary-frameworks.sh\"\n";
			showEnvVarsInLog = 0;
		};
		A0B6B80EA820026169B39D7C /* [CP] Check Pods Manifest.lock */ = {
			isa = PBXShellScriptBuildPhase;
			buildActionMask = 2147483647;
			files = (
			);
			inputFileListPaths = (
			);
			inputPaths = (
				"${PODS_PODFILE_DIR_PATH}/Podfile.lock",
				"${PODS_ROOT}/Manifest.lock",
			);
			name = "[CP] Check Pods Manifest.lock";
			outputFileListPaths = (
			);
			outputPaths = (
				"$(DERIVED_FILE_DIR)/Pods-PhotoLibrary-checkManifestLockResult.txt",
			);
			runOnlyForDeploymentPostprocessing = 0;
			shellPath = /bin/sh;
			shellScript = "diff \"${PODS_PODFILE_DIR_PATH}/Podfile.lock\" \"${PODS_ROOT}/Manifest.lock\" > /dev/null\nif [ $? != 0 ] ; then\n    # print error to STDERR\n    echo \"error: The sandbox is not in sync with the Podfile.lock. Run 'pod install' or update your CocoaPods installation.\" >&2\n    exit 1\nfi\n# This output is used by Xcode 'outputs' to avoid re-running this script phase.\necho \"SUCCESS\" > \"${SCRIPT_OUTPUT_FILE_0}\"\n";
			showEnvVarsInLog = 0;
		};
/* End PBXShellScriptBuildPhase section */

/* Begin PBXSourcesBuildPhase section */
		AC2624EB265812A900939375 /* Sources */ = {
			isa = PBXSourcesBuildPhase;
			buildActionMask = 2147483647;
			files = (
				ACE03ACA265A9CCC00BDC5AA /* PLContentCollectionHeaderReusableView.m in Sources */,
				ACC29E7926612D96001E7B78 /* PLPhotoMainCellView.m in Sources */,
				AC243C9B277CA4F1006182C0 /* GYLogFormatters.m in Sources */,
				AC243CA1277CA4F1006182C0 /* NSString+GYCommon.m in Sources */,
				ACA6667A26623E7700338972 /* PLPhotoFileModel.m in Sources */,
				ACF759B02663C4180005322B /* PLPhotoPhoneViewController.m in Sources */,
				AC3C16A42699A8AA004A260E /* PLNavigationItems.m in Sources */,
				AC243CC3277CB192006182C0 /* UIImage+GYiOS.m in Sources */,
				AC243C9D277CA4F1006182C0 /* GYExceptionManager.m in Sources */,
				AC243CD2277CB267006182C0 /* PLAppManager.m in Sources */,
				ACEA4B04265BF2FD00D141D4 /* PLUniversalManager.m in Sources */,
				ACA33A44266B5E40002E7F67 /* PLNavigationManager.m in Sources */,
				AC243CA0277CA4F1006182C0 /* NSDictionary+GYCommon.m in Sources */,
				ACE03AC2265A95C900BDC5AA /* PLContentCollectionViewCell.m in Sources */,
				AC2624FA265812A900939375 /* ViewController.m in Sources */,
				AC2624F4265812A900939375 /* AppDelegate.m in Sources */,
				AC2C31882785E67300527DAE /* GYTapAlertAction.m in Sources */,
				AC243CA5277CA4F1006182C0 /* GYFoundationManager.m in Sources */,
				AC73E6D6268FFB8200191D66 /* PLOperationMenu.m in Sources */,
				ACA666802662594400338972 /* PLPhotoBottomCellView.m in Sources */,
				AC243C9C277CA4F1006182C0 /* GYLog.m in Sources */,
				ACF759A22663AEA80005322B /* PLContentPhoneViewController.m in Sources */,
				AC243CCF277CB267006182C0 /* PLViewController.m in Sources */,
				AC3F672426903A81000BF2E7 /* PLContentViewModel.m in Sources */,
				AC243CA3277CA4F1006182C0 /* NSArray+GYCommon.m in Sources */,
				AC243CA4277CA4F1006182C0 /* NSDate+GYCommon.m in Sources */,
				AC2C31872785E67300527DAE /* GYTapAlertManager.m in Sources */,
				AC3C1689269994EF004A260E /* PLContentModel.m in Sources */,
				AC243CA2277CA4F1006182C0 /* NSError+GYCommon.m in Sources */,
				AC243CA6277CA4F1006182C0 /* GYUIManager.m in Sources */,
				ACDF2273265FE00000608CD0 /* PLPhotoViewController.m in Sources */,
				ACE211CC2659F3E800FF52EC /* PLContentViewController.m in Sources */,
				AC243CBD277CB069006182C0 /* UIColor+GYiOS.m in Sources */,
				AC3F672A2690541F000BF2E7 /* PLContentView.m in Sources */,
				AC262505265812AA00939375 /* main.m in Sources */,
				AC2624F7265812A900939375 /* SceneDelegate.m in Sources */,
				AC243C9E277CA4F1006182C0 /* GYFileManager.m in Sources */,
				AC243C9A277CA4F1006182C0 /* GYLogManager.m in Sources */,
				AC243C9F277CA4F1006182C0 /* GYModel.m in Sources */,
			);
			runOnlyForDeploymentPostprocessing = 0;
		};
		AC262506265812AB00939375 /* Sources */ = {
			isa = PBXSourcesBuildPhase;
			buildActionMask = 2147483647;
			files = (
				AC26250F265812AB00939375 /* PhotoLibraryTests.m in Sources */,
			);
			runOnlyForDeploymentPostprocessing = 0;
		};
		AC262511265812AB00939375 /* Sources */ = {
			isa = PBXSourcesBuildPhase;
			buildActionMask = 2147483647;
			files = (
				AC26251A265812AB00939375 /* PhotoLibraryUITests.m in Sources */,
			);
			runOnlyForDeploymentPostprocessing = 0;
		};
/* End PBXSourcesBuildPhase section */

/* Begin PBXTargetDependency section */
		AC26250C265812AB00939375 /* PBXTargetDependency */ = {
			isa = PBXTargetDependency;
			target = AC2624EE265812A900939375 /* PhotoLibrary */;
			targetProxy = AC26250B265812AB00939375 /* PBXContainerItemProxy */;
		};
		AC262517265812AB00939375 /* PBXTargetDependency */ = {
			isa = PBXTargetDependency;
			target = AC2624EE265812A900939375 /* PhotoLibrary */;
			targetProxy = AC262516265812AB00939375 /* PBXContainerItemProxy */;
		};
/* End PBXTargetDependency section */

/* Begin PBXVariantGroup section */
		AC2624FB265812A900939375 /* Main.storyboard */ = {
			isa = PBXVariantGroup;
			children = (
				AC2624FC265812A900939375 /* Base */,
				ACE211EC265A085A00FF52EC /* zh-Hans */,
			);
			name = Main.storyboard;
			sourceTree = "<group>";
		};
		AC262500265812AA00939375 /* LaunchScreen.storyboard */ = {
			isa = PBXVariantGroup;
			children = (
				AC262501265812AA00939375 /* Base */,
				ACE211ED265A085A00FF52EC /* zh-Hans */,
			);
			name = LaunchScreen.storyboard;
			sourceTree = "<group>";
		};
/* End PBXVariantGroup section */

/* Begin XCBuildConfiguration section */
		AC26251C265812AB00939375 /* Debug */ = {
			isa = XCBuildConfiguration;
			buildSettings = {
				ALWAYS_SEARCH_USER_PATHS = NO;
				CLANG_ANALYZER_LOCALIZABILITY_NONLOCALIZED = YES;
				CLANG_ANALYZER_NONNULL = YES;
				CLANG_ANALYZER_NUMBER_OBJECT_CONVERSION = YES_AGGRESSIVE;
				CLANG_CXX_LANGUAGE_STANDARD = "gnu++14";
				CLANG_CXX_LIBRARY = "libc++";
				CLANG_ENABLE_MODULES = YES;
				CLANG_ENABLE_OBJC_ARC = YES;
				CLANG_ENABLE_OBJC_WEAK = YES;
				CLANG_WARN_BLOCK_CAPTURE_AUTORELEASING = YES;
				CLANG_WARN_BOOL_CONVERSION = YES;
				CLANG_WARN_COMMA = YES;
				CLANG_WARN_CONSTANT_CONVERSION = YES;
				CLANG_WARN_DEPRECATED_OBJC_IMPLEMENTATIONS = YES;
				CLANG_WARN_DIRECT_OBJC_ISA_USAGE = YES_ERROR;
				CLANG_WARN_DOCUMENTATION_COMMENTS = YES;
				CLANG_WARN_EMPTY_BODY = YES;
				CLANG_WARN_ENUM_CONVERSION = YES;
				CLANG_WARN_INFINITE_RECURSION = YES;
				CLANG_WARN_INT_CONVERSION = YES;
				CLANG_WARN_NON_LITERAL_NULL_CONVERSION = YES;
				CLANG_WARN_OBJC_IMPLICIT_RETAIN_SELF = YES;
				CLANG_WARN_OBJC_LITERAL_CONVERSION = YES;
				CLANG_WARN_OBJC_ROOT_CLASS = YES_ERROR;
				CLANG_WARN_QUOTED_INCLUDE_IN_FRAMEWORK_HEADER = YES;
				CLANG_WARN_RANGE_LOOP_ANALYSIS = YES;
				CLANG_WARN_STRICT_PROTOTYPES = YES;
				CLANG_WARN_SUSPICIOUS_MOVE = YES;
				CLANG_WARN_UNGUARDED_AVAILABILITY = YES_AGGRESSIVE;
				CLANG_WARN_UNREACHABLE_CODE = YES;
				CLANG_WARN__DUPLICATE_METHOD_MATCH = YES;
				COPY_PHASE_STRIP = NO;
				DEBUG_INFORMATION_FORMAT = dwarf;
				ENABLE_STRICT_OBJC_MSGSEND = YES;
				ENABLE_TESTABILITY = YES;
				GCC_C_LANGUAGE_STANDARD = gnu11;
				GCC_DYNAMIC_NO_PIC = NO;
				GCC_NO_COMMON_BLOCKS = YES;
				GCC_OPTIMIZATION_LEVEL = 0;
				GCC_PREPROCESSOR_DEFINITIONS = (
					"DEBUG=1",
					"$(inherited)",
				);
				GCC_WARN_64_TO_32_BIT_CONVERSION = YES;
				GCC_WARN_ABOUT_RETURN_TYPE = YES_ERROR;
				GCC_WARN_UNDECLARED_SELECTOR = YES;
				GCC_WARN_UNINITIALIZED_AUTOS = YES_AGGRESSIVE;
				GCC_WARN_UNUSED_FUNCTION = YES;
				GCC_WARN_UNUSED_VARIABLE = YES;
				IPHONEOS_DEPLOYMENT_TARGET = 14.4;
				MTL_ENABLE_DEBUG_INFO = INCLUDE_SOURCE;
				MTL_FAST_MATH = YES;
				ONLY_ACTIVE_ARCH = YES;
				SDKROOT = iphoneos;
			};
			name = Debug;
		};
		AC26251D265812AB00939375 /* Release */ = {
			isa = XCBuildConfiguration;
			buildSettings = {
				ALWAYS_SEARCH_USER_PATHS = NO;
				CLANG_ANALYZER_LOCALIZABILITY_NONLOCALIZED = YES;
				CLANG_ANALYZER_NONNULL = YES;
				CLANG_ANALYZER_NUMBER_OBJECT_CONVERSION = YES_AGGRESSIVE;
				CLANG_CXX_LANGUAGE_STANDARD = "gnu++14";
				CLANG_CXX_LIBRARY = "libc++";
				CLANG_ENABLE_MODULES = YES;
				CLANG_ENABLE_OBJC_ARC = YES;
				CLANG_ENABLE_OBJC_WEAK = YES;
				CLANG_WARN_BLOCK_CAPTURE_AUTORELEASING = YES;
				CLANG_WARN_BOOL_CONVERSION = YES;
				CLANG_WARN_COMMA = YES;
				CLANG_WARN_CONSTANT_CONVERSION = YES;
				CLANG_WARN_DEPRECATED_OBJC_IMPLEMENTATIONS = YES;
				CLANG_WARN_DIRECT_OBJC_ISA_USAGE = YES_ERROR;
				CLANG_WARN_DOCUMENTATION_COMMENTS = YES;
				CLANG_WARN_EMPTY_BODY = YES;
				CLANG_WARN_ENUM_CONVERSION = YES;
				CLANG_WARN_INFINITE_RECURSION = YES;
				CLANG_WARN_INT_CONVERSION = YES;
				CLANG_WARN_NON_LITERAL_NULL_CONVERSION = YES;
				CLANG_WARN_OBJC_IMPLICIT_RETAIN_SELF = YES;
				CLANG_WARN_OBJC_LITERAL_CONVERSION = YES;
				CLANG_WARN_OBJC_ROOT_CLASS = YES_ERROR;
				CLANG_WARN_QUOTED_INCLUDE_IN_FRAMEWORK_HEADER = YES;
				CLANG_WARN_RANGE_LOOP_ANALYSIS = YES;
				CLANG_WARN_STRICT_PROTOTYPES = YES;
				CLANG_WARN_SUSPICIOUS_MOVE = YES;
				CLANG_WARN_UNGUARDED_AVAILABILITY = YES_AGGRESSIVE;
				CLANG_WARN_UNREACHABLE_CODE = YES;
				CLANG_WARN__DUPLICATE_METHOD_MATCH = YES;
				COPY_PHASE_STRIP = NO;
				DEBUG_INFORMATION_FORMAT = "dwarf-with-dsym";
				ENABLE_NS_ASSERTIONS = NO;
				ENABLE_STRICT_OBJC_MSGSEND = YES;
				GCC_C_LANGUAGE_STANDARD = gnu11;
				GCC_NO_COMMON_BLOCKS = YES;
				GCC_WARN_64_TO_32_BIT_CONVERSION = YES;
				GCC_WARN_ABOUT_RETURN_TYPE = YES_ERROR;
				GCC_WARN_UNDECLARED_SELECTOR = YES;
				GCC_WARN_UNINITIALIZED_AUTOS = YES_AGGRESSIVE;
				GCC_WARN_UNUSED_FUNCTION = YES;
				GCC_WARN_UNUSED_VARIABLE = YES;
				IPHONEOS_DEPLOYMENT_TARGET = 14.4;
				MTL_ENABLE_DEBUG_INFO = NO;
				MTL_FAST_MATH = YES;
				SDKROOT = iphoneos;
				VALIDATE_PRODUCT = YES;
			};
			name = Release;
		};
		AC26251F265812AB00939375 /* Debug */ = {
			isa = XCBuildConfiguration;
			baseConfigurationReference = F8DA00690153E25CFC113A7C /* Pods-PhotoLibrary.debug.xcconfig */;
			buildSettings = {
				ASSETCATALOG_COMPILER_APPICON_NAME = AppIcon;
				ASSETCATALOG_COMPILER_GLOBAL_ACCENT_COLOR_NAME = AccentColor;
				CLANG_ENABLE_MODULES = YES;
				CODE_SIGN_ENTITLEMENTS = "";
				CODE_SIGN_IDENTITY = "Apple Development";
				CODE_SIGN_STYLE = Automatic;
				DEVELOPMENT_TEAM = 2G352K7NR7;
				FRAMEWORK_SEARCH_PATHS = (
					"$(inherited)",
					"$(PROJECT_DIR)/PhotoLibrary/Resources",
					"$(PROJECT_DIR)/PhotoLibrary/Resources/GYGeneral.framework",
				);
				GCC_PRECOMPILE_PREFIX_HEADER = YES;
				GCC_PREFIX_HEADER = "$(SRCROOT)/PhotoLibrary/Resources/PhotoLibrary-Prefix.pch";
				HEADER_SEARCH_PATHS = (
					"$(inherited)",
					"\"${PODS_CONFIGURATION_BUILD_DIR}/FMDB/FMDB.framework/Headers\"",
					"\"${PODS_CONFIGURATION_BUILD_DIR}/SMBClient/SMBClient.framework/Headers\"",
					"\"${PODS_CONFIGURATION_BUILD_DIR}/SSZipArchive/SSZipArchive.framework/Headers\"",
					"\"${PODS_CONFIGURATION_BUILD_DIR}/YYText/YYText.framework/Headers\"",
					"$(PODS_TARGET_SRCROOT)/libdsm/include/bdsm",
					"$(PROJECT_DIR)/PhotoLibrary/Resources/GYGeneral.framework/Headers",
				);
				INFOPLIST_FILE = PhotoLibrary/Resources/Info.plist;
				IPHONEOS_DEPLOYMENT_TARGET = 14.4;
				LD_RUNPATH_SEARCH_PATHS = (
					"$(inherited)",
					"@executable_path/Frameworks",
				);
				LIBRARY_SEARCH_PATHS = (
					"$(inherited)",
					"$(PROJECT_DIR)/PhotoLibrary/Third\\ Parties/SMBClient/ThirdParty/libdsm",
					"$(PROJECT_DIR)/PhotoLibrary/Third\\ Parties/SMBClient/ThirdParty/libdsm",
					"$(PROJECT_DIR)/PhotoLibrary/Third\\ Parties/SMBClient/ThirdParty/libtasn1",
					"$(PROJECT_DIR)/PhotoLibrary/Third\\ Parties/SMBClient/ThirdParty/libtasn1",
				);
				PRODUCT_BUNDLE_IDENTIFIER = com.gongyuTest.PhotoLibrary;
				PRODUCT_NAME = "$(TARGET_NAME)";
				PROVISIONING_PROFILE_SPECIFIER = "";
				TARGETED_DEVICE_FAMILY = "1,2";
			};
			name = Debug;
		};
		AC262520265812AB00939375 /* Release */ = {
			isa = XCBuildConfiguration;
			baseConfigurationReference = DFA84B250B7AFDF508A1ACC2 /* Pods-PhotoLibrary.release.xcconfig */;
			buildSettings = {
				ASSETCATALOG_COMPILER_APPICON_NAME = AppIcon;
				ASSETCATALOG_COMPILER_GLOBAL_ACCENT_COLOR_NAME = AccentColor;
				CLANG_ENABLE_MODULES = YES;
				CODE_SIGN_ENTITLEMENTS = "";
				CODE_SIGN_IDENTITY = "Apple Development";
				CODE_SIGN_STYLE = Automatic;
				DEVELOPMENT_TEAM = 2G352K7NR7;
				FRAMEWORK_SEARCH_PATHS = (
					"$(inherited)",
					"$(PROJECT_DIR)/PhotoLibrary/Resources",
					"$(PROJECT_DIR)/PhotoLibrary/Resources/GYGeneral.framework",
				);
				GCC_PRECOMPILE_PREFIX_HEADER = YES;
				GCC_PREFIX_HEADER = "$(SRCROOT)/PhotoLibrary/Resources/PhotoLibrary-Prefix.pch";
				HEADER_SEARCH_PATHS = (
					"$(inherited)",
					"\"${PODS_CONFIGURATION_BUILD_DIR}/FMDB/FMDB.framework/Headers\"",
					"\"${PODS_CONFIGURATION_BUILD_DIR}/SMBClient/SMBClient.framework/Headers\"",
					"\"${PODS_CONFIGURATION_BUILD_DIR}/SSZipArchive/SSZipArchive.framework/Headers\"",
					"\"${PODS_CONFIGURATION_BUILD_DIR}/YYText/YYText.framework/Headers\"",
					"$(PODS_TARGET_SRCROOT)/libdsm/include/bdsm",
					"$(PROJECT_DIR)/PhotoLibrary/Resources/GYGeneral.framework/Headers",
				);
				INFOPLIST_FILE = PhotoLibrary/Resources/Info.plist;
				IPHONEOS_DEPLOYMENT_TARGET = 14.4;
				LD_RUNPATH_SEARCH_PATHS = (
					"$(inherited)",
					"@executable_path/Frameworks",
				);
				LIBRARY_SEARCH_PATHS = (
					"$(inherited)",
					"$(PROJECT_DIR)/PhotoLibrary/Third\\ Parties/SMBClient/ThirdParty/libdsm",
					"$(PROJECT_DIR)/PhotoLibrary/Third\\ Parties/SMBClient/ThirdParty/libdsm",
					"$(PROJECT_DIR)/PhotoLibrary/Third\\ Parties/SMBClient/ThirdParty/libtasn1",
					"$(PROJECT_DIR)/PhotoLibrary/Third\\ Parties/SMBClient/ThirdParty/libtasn1",
				);
				PRODUCT_BUNDLE_IDENTIFIER = com.gongyuTest.PhotoLibrary;
				PRODUCT_NAME = "$(TARGET_NAME)";
				PROVISIONING_PROFILE_SPECIFIER = "";
				TARGETED_DEVICE_FAMILY = "1,2";
			};
			name = Release;
		};
		AC262522265812AB00939375 /* Debug */ = {
			isa = XCBuildConfiguration;
			buildSettings = {
				BUNDLE_LOADER = "$(TEST_HOST)";
				CODE_SIGN_STYLE = Automatic;
				DEVELOPMENT_TEAM = 2G352K7NR7;
				INFOPLIST_FILE = PhotoLibraryTests/Info.plist;
				IPHONEOS_DEPLOYMENT_TARGET = 14.4;
				LD_RUNPATH_SEARCH_PATHS = (
					"$(inherited)",
					"@executable_path/Frameworks",
					"@loader_path/Frameworks",
				);
				PRODUCT_BUNDLE_IDENTIFIER = com.gongyuTest.PhotoLibraryTests;
				PRODUCT_NAME = "$(TARGET_NAME)";
				TARGETED_DEVICE_FAMILY = "1,2";
				TEST_HOST = "$(BUILT_PRODUCTS_DIR)/PhotoLibrary.app/PhotoLibrary";
			};
			name = Debug;
		};
		AC262523265812AB00939375 /* Release */ = {
			isa = XCBuildConfiguration;
			buildSettings = {
				BUNDLE_LOADER = "$(TEST_HOST)";
				CODE_SIGN_STYLE = Automatic;
				DEVELOPMENT_TEAM = 2G352K7NR7;
				INFOPLIST_FILE = PhotoLibraryTests/Info.plist;
				IPHONEOS_DEPLOYMENT_TARGET = 14.4;
				LD_RUNPATH_SEARCH_PATHS = (
					"$(inherited)",
					"@executable_path/Frameworks",
					"@loader_path/Frameworks",
				);
				PRODUCT_BUNDLE_IDENTIFIER = com.gongyuTest.PhotoLibraryTests;
				PRODUCT_NAME = "$(TARGET_NAME)";
				TARGETED_DEVICE_FAMILY = "1,2";
				TEST_HOST = "$(BUILT_PRODUCTS_DIR)/PhotoLibrary.app/PhotoLibrary";
			};
			name = Release;
		};
		AC262525265812AB00939375 /* Debug */ = {
			isa = XCBuildConfiguration;
			buildSettings = {
				CODE_SIGN_STYLE = Automatic;
				DEVELOPMENT_TEAM = 2G352K7NR7;
				INFOPLIST_FILE = PhotoLibraryUITests/Info.plist;
				LD_RUNPATH_SEARCH_PATHS = (
					"$(inherited)",
					"@executable_path/Frameworks",
					"@loader_path/Frameworks",
				);
				PRODUCT_BUNDLE_IDENTIFIER = com.gongyuTest.PhotoLibraryUITests;
				PRODUCT_NAME = "$(TARGET_NAME)";
				TARGETED_DEVICE_FAMILY = "1,2";
				TEST_TARGET_NAME = PhotoLibrary;
			};
			name = Debug;
		};
		AC262526265812AB00939375 /* Release */ = {
			isa = XCBuildConfiguration;
			buildSettings = {
				CODE_SIGN_STYLE = Automatic;
				DEVELOPMENT_TEAM = 2G352K7NR7;
				INFOPLIST_FILE = PhotoLibraryUITests/Info.plist;
				LD_RUNPATH_SEARCH_PATHS = (
					"$(inherited)",
					"@executable_path/Frameworks",
					"@loader_path/Frameworks",
				);
				PRODUCT_BUNDLE_IDENTIFIER = com.gongyuTest.PhotoLibraryUITests;
				PRODUCT_NAME = "$(TARGET_NAME)";
				TARGETED_DEVICE_FAMILY = "1,2";
				TEST_TARGET_NAME = PhotoLibrary;
			};
			name = Release;
		};
/* End XCBuildConfiguration section */

/* Begin XCConfigurationList section */
		AC2624EA265812A900939375 /* Build configuration list for PBXProject "PhotoLibrary" */ = {
			isa = XCConfigurationList;
			buildConfigurations = (
				AC26251C265812AB00939375 /* Debug */,
				AC26251D265812AB00939375 /* Release */,
			);
			defaultConfigurationIsVisible = 0;
			defaultConfigurationName = Release;
		};
		AC26251E265812AB00939375 /* Build configuration list for PBXNativeTarget "PhotoLibrary" */ = {
			isa = XCConfigurationList;
			buildConfigurations = (
				AC26251F265812AB00939375 /* Debug */,
				AC262520265812AB00939375 /* Release */,
			);
			defaultConfigurationIsVisible = 0;
			defaultConfigurationName = Release;
		};
		AC262521265812AB00939375 /* Build configuration list for PBXNativeTarget "PhotoLibraryTests" */ = {
			isa = XCConfigurationList;
			buildConfigurations = (
				AC262522265812AB00939375 /* Debug */,
				AC262523265812AB00939375 /* Release */,
			);
			defaultConfigurationIsVisible = 0;
			defaultConfigurationName = Release;
		};
		AC262524265812AB00939375 /* Build configuration list for PBXNativeTarget "PhotoLibraryUITests" */ = {
			isa = XCConfigurationList;
			buildConfigurations = (
				AC262525265812AB00939375 /* Debug */,
				AC262526265812AB00939375 /* Release */,
			);
			defaultConfigurationIsVisible = 0;
			defaultConfigurationName = Release;
		};
/* End XCConfigurationList section */
	};
	rootObject = AC2624E7265812A900939375 /* Project object */;
}
